
Microsoft Visual Studio Solution File, Format Version 12.00
# Visual Studio 15
VisualStudioVersion = 15.0.28307.421
MinimumVisualStudioVersion = 10.0.40219.1
Project("{FAE04EC0-301F-11D3-BF4B-00C04F79EFBC}") = "OpenGpsTracker.Android", "OpenGpsTracker\OpenGpsTracker.Android\OpenGpsTracker.Android.csproj", "{4179CFA9-474F-488B-8684-DEDB2F8D81FF}"
EndProject
Project("{FAE04EC0-301F-11D3-BF4B-00C04F79EFBC}") = "OpenGpsTracker.iOS", "OpenGpsTracker\OpenGpsTracker.iOS\OpenGpsTracker.iOS.csproj", "{A110E7BB-ED1F-4AB6-9286-A31BCC59C6E9}"
EndProject
Project("{FAE04EC0-301F-11D3-BF4B-00C04F79EFBC}") = "OpenGpsTracker.UWP", "OpenGpsTracker\OpenGpsTracker.UWP\OpenGpsTracker.UWP.csproj", "{6D9DEB24-5154-4D98-9845-F77A1798E664}"
EndProject
Project("{9A19103F-16F7-4668-BE54-9A1E7A4F7556}") = "OpenGpsTracker", "OpenGpsTracker\OpenGpsTracker\OpenGpsTracker.csproj", "{F5E9F404-4AA8-45EB-B004-443F095D9108}"
EndProject
Global
	GlobalSection(SolutionConfigurationPlatforms) = preSolution
		Ad-Hoc|Any CPU = Ad-Hoc|Any CPU
		Ad-Hoc|ARM = Ad-Hoc|ARM
		Ad-Hoc|iPhone = Ad-Hoc|iPhone
		Ad-Hoc|iPhoneSimulator = Ad-Hoc|iPhoneSimulator
		Ad-Hoc|x64 = Ad-Hoc|x64
		Ad-Hoc|x86 = Ad-Hoc|x86
		AppStore|Any CPU = AppStore|Any CPU
		AppStore|ARM = AppStore|ARM
		AppStore|iPhone = AppStore|iPhone
		AppStore|iPhoneSimulator = AppStore|iPhoneSimulator
		AppStore|x64 = AppStore|x64
		AppStore|x86 = AppStore|x86
		Debug|Any CPU = Debug|Any CPU
		Debug|ARM = Debug|ARM
		Debug|iPhone = Debug|iPhone
		Debug|iPhoneSimulator = Debug|iPhoneSimulator
		Debug|x64 = Debug|x64
		Debug|x86 = Debug|x86
		Release|Any CPU = Release|Any CPU
		Release|ARM = Release|ARM
		Release|iPhone = Release|iPhone
		Release|iPhoneSimulator = Release|iPhoneSimulator
		Release|x64 = Release|x64
		Release|x86 = Release|x86
	EndGlobalSection
	GlobalSection(ProjectConfigurationPlatforms) = postSolution
		{4179CFA9-474F-488B-8684-DEDB2F8D81FF}.Ad-Hoc|Any CPU.ActiveCfg = Release|Any CPU
		{4179CFA9-474F-488B-8684-DEDB2F8D81FF}.Ad-Hoc|Any CPU.Build.0 = Release|Any CPU
		{4179CFA9-474F-488B-8684-DEDB2F8D81FF}.Ad-Hoc|Any CPU.Deploy.0 = Release|Any CPU
		{4179CFA9-474F-488B-8684-DEDB2F8D81FF}.Ad-Hoc|ARM.ActiveCfg = Release|Any CPU
		{4179CFA9-474F-488B-8684-DEDB2F8D81FF}.Ad-Hoc|ARM.Build.0 = Release|Any CPU
		{4179CFA9-474F-488B-8684-DEDB2F8D81FF}.Ad-Hoc|ARM.Deploy.0 = Release|Any CPU
		{4179CFA9-474F-488B-8684-DEDB2F8D81FF}.Ad-Hoc|iPhone.ActiveCfg = Release|Any CPU
		{4179CFA9-474F-488B-8684-DEDB2F8D81FF}.Ad-Hoc|iPhone.Build.0 = Release|Any CPU
		{4179CFA9-474F-488B-8684-DEDB2F8D81FF}.Ad-Hoc|iPhone.Deploy.0 = Release|Any CPU
		{4179CFA9-474F-488B-8684-DEDB2F8D81FF}.Ad-Hoc|iPhoneSimulator.ActiveCfg = Release|Any CPU
		{4179CFA9-474F-488B-8684-DEDB2F8D81FF}.Ad-Hoc|iPhoneSimulator.Build.0 = Release|Any CPU
		{4179CFA9-474F-488B-8684-DEDB2F8D81FF}.Ad-Hoc|iPhoneSimulator.Deploy.0 = Release|Any CPU
		{4179CFA9-474F-488B-8684-DEDB2F8D81FF}.Ad-Hoc|x64.ActiveCfg = Release|Any CPU
		{4179CFA9-474F-488B-8684-DEDB2F8D81FF}.Ad-Hoc|x64.Build.0 = Release|Any CPU
		{4179CFA9-474F-488B-8684-DEDB2F8D81FF}.Ad-Hoc|x64.Deploy.0 = Release|Any CPU
		{4179CFA9-474F-488B-8684-DEDB2F8D81FF}.Ad-Hoc|x86.ActiveCfg = Release|Any CPU
		{4179CFA9-474F-488B-8684-DEDB2F8D81FF}.Ad-Hoc|x86.Build.0 = Release|Any CPU
		{4179CFA9-474F-488B-8684-DEDB2F8D81FF}.Ad-Hoc|x86.Deploy.0 = Release|Any CPU
		{4179CFA9-474F-488B-8684-DEDB2F8D81FF}.AppStore|Any CPU.ActiveCfg = Release|Any CPU
		{4179CFA9-474F-488B-8684-DEDB2F8D81FF}.AppStore|Any CPU.Build.0 = Release|Any CPU
		{4179CFA9-474F-488B-8684-DEDB2F8D81FF}.AppStore|Any CPU.Deploy.0 = Release|Any CPU
		{4179CFA9-474F-488B-8684-DEDB2F8D81FF}.AppStore|ARM.ActiveCfg = Release|Any CPU
		{4179CFA9-474F-488B-8684-DEDB2F8D81FF}.AppStore|ARM.Build.0 = Release|Any CPU
		{4179CFA9-474F-488B-8684-DEDB2F8D81FF}.AppStore|ARM.Deploy.0 = Release|Any CPU
		{4179CFA9-474F-488B-8684-DEDB2F8D81FF}.AppStore|iPhone.ActiveCfg = Release|Any CPU
		{4179CFA9-474F-488B-8684-DEDB2F8D81FF}.AppStore|iPhone.Build.0 = Release|Any CPU
		{4179CFA9-474F-488B-8684-DEDB2F8D81FF}.AppStore|iPhone.Deploy.0 = Release|Any CPU
		{4179CFA9-474F-488B-8684-DEDB2F8D81FF}.AppStore|iPhoneSimulator.ActiveCfg = Release|Any CPU
		{4179CFA9-474F-488B-8684-DEDB2F8D81FF}.AppStore|iPhoneSimulator.Build.0 = Release|Any CPU
		{4179CFA9-474F-488B-8684-DEDB2F8D81FF}.AppStore|iPhoneSimulator.Deploy.0 = Release|Any CPU
		{4179CFA9-474F-488B-8684-DEDB2F8D81FF}.AppStore|x64.ActiveCfg = Release|Any CPU
		{4179CFA9-474F-488B-8684-DEDB2F8D81FF}.AppStore|x64.Build.0 = Release|Any CPU
		{4179CFA9-474F-488B-8684-DEDB2F8D81FF}.AppStore|x64.Deploy.0 = Release|Any CPU
		{4179CFA9-474F-488B-8684-DEDB2F8D81FF}.AppStore|x86.ActiveCfg = Release|Any CPU
		{4179CFA9-474F-488B-8684-DEDB2F8D81FF}.AppStore|x86.Build.0 = Release|Any CPU
		{4179CFA9-474F-488B-8684-DEDB2F8D81FF}.AppStore|x86.Deploy.0 = Release|Any CPU
		{4179CFA9-474F-488B-8684-DEDB2F8D81FF}.Debug|Any CPU.ActiveCfg = Debug|Any CPU
		{4179CFA9-474F-488B-8684-DEDB2F8D81FF}.Debug|Any CPU.Build.0 = Debug|Any CPU
		{4179CFA9-474F-488B-8684-DEDB2F8D81FF}.Debug|Any CPU.Deploy.0 = Debug|Any CPU
		{4179CFA9-474F-488B-8684-DEDB2F8D81FF}.Debug|ARM.ActiveCfg = Debug|Any CPU
		{4179CFA9-474F-488B-8684-DEDB2F8D81FF}.Debug|ARM.Build.0 = Debug|Any CPU
		{4179CFA9-474F-488B-8684-DEDB2F8D81FF}.Debug|ARM.Deploy.0 = Debug|Any CPU
		{4179CFA9-474F-488B-8684-DEDB2F8D81FF}.Debug|iPhone.ActiveCfg = Debug|Any CPU
		{4179CFA9-474F-488B-8684-DEDB2F8D81FF}.Debug|iPhone.Build.0 = Debug|Any CPU
		{4179CFA9-474F-488B-8684-DEDB2F8D81FF}.Debug|iPhone.Deploy.0 = Debug|Any CPU
		{4179CFA9-474F-488B-8684-DEDB2F8D81FF}.Debug|iPhoneSimulator.ActiveCfg = Debug|Any CPU
		{4179CFA9-474F-488B-8684-DEDB2F8D81FF}.Debug|iPhoneSimulator.Build.0 = Debug|Any CPU
		{4179CFA9-474F-488B-8684-DEDB2F8D81FF}.Debug|iPhoneSimulator.Deploy.0 = Debug|Any CPU
		{4179CFA9-474F-488B-8684-DEDB2F8D81FF}.Debug|x64.ActiveCfg = Debug|Any CPU
		{4179CFA9-474F-488B-8684-DEDB2F8D81FF}.Debug|x64.Build.0 = Debug|Any CPU
		{4179CFA9-474F-488B-8684-DEDB2F8D81FF}.Debug|x64.Deploy.0 = Debug|Any CPU
		{4179CFA9-474F-488B-8684-DEDB2F8D81FF}.Debug|x86.ActiveCfg = Debug|Any CPU
		{4179CFA9-474F-488B-8684-DEDB2F8D81FF}.Debug|x86.Build.0 = Debug|Any CPU
		{4179CFA9-474F-488B-8684-DEDB2F8D81FF}.Debug|x86.Deploy.0 = Debug|Any CPU
		{4179CFA9-474F-488B-8684-DEDB2F8D81FF}.Release|Any CPU.ActiveCfg = Release|Any CPU
		{4179CFA9-474F-488B-8684-DEDB2F8D81FF}.Release|Any CPU.Build.0 = Release|Any CPU
		{4179CFA9-474F-488B-8684-DEDB2F8D81FF}.Release|Any CPU.Deploy.0 = Release|Any CPU
		{4179CFA9-474F-488B-8684-DEDB2F8D81FF}.Release|ARM.ActiveCfg = Release|Any CPU
		{4179CFA9-474F-488B-8684-DEDB2F8D81FF}.Release|ARM.Build.0 = Release|Any CPU
		{4179CFA9-474F-488B-8684-DEDB2F8D81FF}.Release|ARM.Deploy.0 = Release|Any CPU
		{4179CFA9-474F-488B-8684-DEDB2F8D81FF}.Release|iPhone.ActiveCfg = Release|Any CPU
		{4179CFA9-474F-488B-8684-DEDB2F8D81FF}.Release|iPhone.Build.0 = Release|Any CPU
		{4179CFA9-474F-488B-8684-DEDB2F8D81FF}.Release|iPhone.Deploy.0 = Release|Any CPU
		{4179CFA9-474F-488B-8684-DEDB2F8D81FF}.Release|iPhoneSimulator.ActiveCfg = Release|Any CPU
		{4179CFA9-474F-488B-8684-DEDB2F8D81FF}.Release|iPhoneSimulator.Build.0 = Release|Any CPU
		{4179CFA9-474F-488B-8684-DEDB2F8D81FF}.Release|iPhoneSimulator.Deploy.0 = Release|Any CPU
		{4179CFA9-474F-488B-8684-DEDB2F8D81FF}.Release|x64.ActiveCfg = Release|Any CPU
		{4179CFA9-474F-488B-8684-DEDB2F8D81FF}.Release|x64.Build.0 = Release|Any CPU
		{4179CFA9-474F-488B-8684-DEDB2F8D81FF}.Release|x64.Deploy.0 = Release|Any CPU
		{4179CFA9-474F-488B-8684-DEDB2F8D81FF}.Release|x86.ActiveCfg = Release|Any CPU
		{4179CFA9-474F-488B-8684-DEDB2F8D81FF}.Release|x86.Build.0 = Release|Any CPU
		{4179CFA9-474F-488B-8684-DEDB2F8D81FF}.Release|x86.Deploy.0 = Release|Any CPU
		{A110E7BB-ED1F-4AB6-9286-A31BCC59C6E9}.Ad-Hoc|Any CPU.ActiveCfg = Ad-Hoc|iPhone
		{A110E7BB-ED1F-4AB6-9286-A31BCC59C6E9}.Ad-Hoc|Any CPU.Build.0 = Ad-Hoc|iPhone
		{A110E7BB-ED1F-4AB6-9286-A31BCC59C6E9}.Ad-Hoc|Any CPU.Deploy.0 = Ad-Hoc|iPhone
		{A110E7BB-ED1F-4AB6-9286-A31BCC59C6E9}.Ad-Hoc|ARM.ActiveCfg = Ad-Hoc|iPhone
		{A110E7BB-ED1F-4AB6-9286-A31BCC59C6E9}.Ad-Hoc|ARM.Build.0 = Ad-Hoc|iPhone
		{A110E7BB-ED1F-4AB6-9286-A31BCC59C6E9}.Ad-Hoc|ARM.Deploy.0 = Ad-Hoc|iPhone
		{A110E7BB-ED1F-4AB6-9286-A31BCC59C6E9}.Ad-Hoc|iPhone.ActiveCfg = Ad-Hoc|iPhone
		{A110E7BB-ED1F-4AB6-9286-A31BCC59C6E9}.Ad-Hoc|iPhone.Build.0 = Ad-Hoc|iPhone
		{A110E7BB-ED1F-4AB6-9286-A31BCC59C6E9}.Ad-Hoc|iPhone.Deploy.0 = Ad-Hoc|iPhone
		{A110E7BB-ED1F-4AB6-9286-A31BCC59C6E9}.Ad-Hoc|iPhoneSimulator.ActiveCfg = Ad-Hoc|iPhoneSimulator
		{A110E7BB-ED1F-4AB6-9286-A31BCC59C6E9}.Ad-Hoc|iPhoneSimulator.Build.0 = Ad-Hoc|iPhoneSimulator
		{A110E7BB-ED1F-4AB6-9286-A31BCC59C6E9}.Ad-Hoc|iPhoneSimulator.Deploy.0 = Ad-Hoc|iPhoneSimulator
		{A110E7BB-ED1F-4AB6-9286-A31BCC59C6E9}.Ad-Hoc|x64.ActiveCfg = Ad-Hoc|iPhone
		{A110E7BB-ED1F-4AB6-9286-A31BCC59C6E9}.Ad-Hoc|x64.Build.0 = Ad-Hoc|iPhone
		{A110E7BB-ED1F-4AB6-9286-A31BCC59C6E9}.Ad-Hoc|x64.Deploy.0 = Ad-Hoc|iPhone
		{A110E7BB-ED1F-4AB6-9286-A31BCC59C6E9}.Ad-Hoc|x86.ActiveCfg = Ad-Hoc|iPhone
		{A110E7BB-ED1F-4AB6-9286-A31BCC59C6E9}.Ad-Hoc|x86.Build.0 = Ad-Hoc|iPhone
		{A110E7BB-ED1F-4AB6-9286-A31BCC59C6E9}.Ad-Hoc|x86.Deploy.0 = Ad-Hoc|iPhone
		{A110E7BB-ED1F-4AB6-9286-A31BCC59C6E9}.AppStore|Any CPU.ActiveCfg = AppStore|iPhone
		{A110E7BB-ED1F-4AB6-9286-A31BCC59C6E9}.AppStore|Any CPU.Build.0 = AppStore|iPhone
		{A110E7BB-ED1F-4AB6-9286-A31BCC59C6E9}.AppStore|Any CPU.Deploy.0 = AppStore|iPhone
		{A110E7BB-ED1F-4AB6-9286-A31BCC59C6E9}.AppStore|ARM.ActiveCfg = AppStore|iPhone
		{A110E7BB-ED1F-4AB6-9286-A31BCC59C6E9}.AppStore|ARM.Build.0 = AppStore|iPhone
		{A110E7BB-ED1F-4AB6-9286-A31BCC59C6E9}.AppStore|ARM.Deploy.0 = AppStore|iPhone
		{A110E7BB-ED1F-4AB6-9286-A31BCC59C6E9}.AppStore|iPhone.ActiveCfg = AppStore|iPhone
		{A110E7BB-ED1F-4AB6-9286-A31BCC59C6E9}.AppStore|iPhone.Build.0 = AppStore|iPhone
		{A110E7BB-ED1F-4AB6-9286-A31BCC59C6E9}.AppStore|iPhone.Deploy.0 = AppStore|iPhone
		{A110E7BB-ED1F-4AB6-9286-A31BCC59C6E9}.AppStore|iPhoneSimulator.ActiveCfg = AppStore|iPhoneSimulator
		{A110E7BB-ED1F-4AB6-9286-A31BCC59C6E9}.AppStore|iPhoneSimulator.Build.0 = AppStore|iPhoneSimulator
		{A110E7BB-ED1F-4AB6-9286-A31BCC59C6E9}.AppStore|iPhoneSimulator.Deploy.0 = AppStore|iPhoneSimulator
		{A110E7BB-ED1F-4AB6-9286-A31BCC59C6E9}.AppStore|x64.ActiveCfg = AppStore|iPhone
		{A110E7BB-ED1F-4AB6-9286-A31BCC59C6E9}.AppStore|x64.Build.0 = AppStore|iPhone
		{A110E7BB-ED1F-4AB6-9286-A31BCC59C6E9}.AppStore|x64.Deploy.0 = AppStore|iPhone
		{A110E7BB-ED1F-4AB6-9286-A31BCC59C6E9}.AppStore|x86.ActiveCfg = AppStore|iPhone
		{A110E7BB-ED1F-4AB6-9286-A31BCC59C6E9}.AppStore|x86.Build.0 = AppStore|iPhone
		{A110E7BB-ED1F-4AB6-9286-A31BCC59C6E9}.AppStore|x86.Deploy.0 = AppStore|iPhone
		{A110E7BB-ED1F-4AB6-9286-A31BCC59C6E9}.Debug|Any CPU.ActiveCfg = Debug|iPhoneSimulator
		{A110E7BB-ED1F-4AB6-9286-A31BCC59C6E9}.Debug|Any CPU.Build.0 = Debug|iPhoneSimulator
		{A110E7BB-ED1F-4AB6-9286-A31BCC59C6E9}.Debug|Any CPU.Deploy.0 = Debug|iPhoneSimulator
		{A110E7BB-ED1F-4AB6-9286-A31BCC59C6E9}.Debug|ARM.ActiveCfg = Debug|iPhone
		{A110E7BB-ED1F-4AB6-9286-A31BCC59C6E9}.Debug|ARM.Build.0 = Debug|iPhone
		{A110E7BB-ED1F-4AB6-9286-A31BCC59C6E9}.Debug|ARM.Deploy.0 = Debug|iPhone
		{A110E7BB-ED1F-4AB6-9286-A31BCC59C6E9}.Debug|iPhone.ActiveCfg = Debug|iPhone
		{A110E7BB-ED1F-4AB6-9286-A31BCC59C6E9}.Debug|iPhone.Build.0 = Debug|iPhone
		{A110E7BB-ED1F-4AB6-9286-A31BCC59C6E9}.Debug|iPhone.Deploy.0 = Debug|iPhone
		{A110E7BB-ED1F-4AB6-9286-A31BCC59C6E9}.Debug|iPhoneSimulator.ActiveCfg = Debug|iPhoneSimulator
		{A110E7BB-ED1F-4AB6-9286-A31BCC59C6E9}.Debug|iPhoneSimulator.Build.0 = Debug|iPhoneSimulator
		{A110E7BB-ED1F-4AB6-9286-A31BCC59C6E9}.Debug|iPhoneSimulator.Deploy.0 = Debug|iPhoneSimulator
		{A110E7BB-ED1F-4AB6-9286-A31BCC59C6E9}.Debug|x64.ActiveCfg = Debug|iPhone
		{A110E7BB-ED1F-4AB6-9286-A31BCC59C6E9}.Debug|x64.Build.0 = Debug|iPhone
		{A110E7BB-ED1F-4AB6-9286-A31BCC59C6E9}.Debug|x64.Deploy.0 = Debug|iPhone
		{A110E7BB-ED1F-4AB6-9286-A31BCC59C6E9}.Debug|x86.ActiveCfg = Debug|iPhone
		{A110E7BB-ED1F-4AB6-9286-A31BCC59C6E9}.Debug|x86.Build.0 = Debug|iPhone
		{A110E7BB-ED1F-4AB6-9286-A31BCC59C6E9}.Debug|x86.Deploy.0 = Debug|iPhone
		{A110E7BB-ED1F-4AB6-9286-A31BCC59C6E9}.Release|Any CPU.ActiveCfg = Release|iPhone
		{A110E7BB-ED1F-4AB6-9286-A31BCC59C6E9}.Release|Any CPU.Build.0 = Release|iPhone
		{A110E7BB-ED1F-4AB6-9286-A31BCC59C6E9}.Release|Any CPU.Deploy.0 = Release|iPhone
		{A110E7BB-ED1F-4AB6-9286-A31BCC59C6E9}.Release|ARM.ActiveCfg = Release|iPhone
		{A110E7BB-ED1F-4AB6-9286-A31BCC59C6E9}.Release|ARM.Build.0 = Release|iPhone
		{A110E7BB-ED1F-4AB6-9286-A31BCC59C6E9}.Release|ARM.Deploy.0 = Release|iPhone
		{A110E7BB-ED1F-4AB6-9286-A31BCC59C6E9}.Release|iPhone.ActiveCfg = Release|iPhone
		{A110E7BB-ED1F-4AB6-9286-A31BCC59C6E9}.Release|iPhone.Build.0 = Release|iPhone
		{A110E7BB-ED1F-4AB6-9286-A31BCC59C6E9}.Release|iPhone.Deploy.0 = Release|iPhone
		{A110E7BB-ED1F-4AB6-9286-A31BCC59C6E9}.Release|iPhoneSimulator.ActiveCfg = Release|iPhoneSimulator
		{A110E7BB-ED1F-4AB6-9286-A31BCC59C6E9}.Release|iPhoneSimulator.Build.0 = Release|iPhoneSimulator
		{A110E7BB-ED1F-4AB6-9286-A31BCC59C6E9}.Release|iPhoneSimulator.Deploy.0 = Release|iPhoneSimulator
		{A110E7BB-ED1F-4AB6-9286-A31BCC59C6E9}.Release|x64.ActiveCfg = Release|iPhone
		{A110E7BB-ED1F-4AB6-9286-A31BCC59C6E9}.Release|x64.Build.0 = Release|iPhone
		{A110E7BB-ED1F-4AB6-9286-A31BCC59C6E9}.Release|x64.Deploy.0 = Release|iPhone
		{A110E7BB-ED1F-4AB6-9286-A31BCC59C6E9}.Release|x86.ActiveCfg = Release|iPhone
		{A110E7BB-ED1F-4AB6-9286-A31BCC59C6E9}.Release|x86.Build.0 = Release|iPhone
		{A110E7BB-ED1F-4AB6-9286-A31BCC59C6E9}.Release|x86.Deploy.0 = Release|iPhone
		{6D9DEB24-5154-4D98-9845-F77A1798E664}.Ad-Hoc|Any CPU.ActiveCfg = Release|x86
		{6D9DEB24-5154-4D98-9845-F77A1798E664}.Ad-Hoc|Any CPU.Build.0 = Release|x86
		{6D9DEB24-5154-4D98-9845-F77A1798E664}.Ad-Hoc|Any CPU.Deploy.0 = Release|x86
		{6D9DEB24-5154-4D98-9845-F77A1798E664}.Ad-Hoc|ARM.ActiveCfg = Release|ARM
		{6D9DEB24-5154-4D98-9845-F77A1798E664}.Ad-Hoc|ARM.Build.0 = Release|ARM
		{6D9DEB24-5154-4D98-9845-F77A1798E664}.Ad-Hoc|ARM.Deploy.0 = Release|ARM
		{6D9DEB24-5154-4D98-9845-F77A1798E664}.Ad-Hoc|iPhone.ActiveCfg = Release|x86
		{6D9DEB24-5154-4D98-9845-F77A1798E664}.Ad-Hoc|iPhone.Build.0 = Release|x86
		{6D9DEB24-5154-4D98-9845-F77A1798E664}.Ad-Hoc|iPhone.Deploy.0 = Release|x86
		{6D9DEB24-5154-4D98-9845-F77A1798E664}.Ad-Hoc|iPhoneSimulator.ActiveCfg = Release|x86
		{6D9DEB24-5154-4D98-9845-F77A1798E664}.Ad-Hoc|iPhoneSimulator.Build.0 = Release|x86
		{6D9DEB24-5154-4D98-9845-F77A1798E664}.Ad-Hoc|iPhoneSimulator.Deploy.0 = Release|x86
		{6D9DEB24-5154-4D98-9845-F77A1798E664}.Ad-Hoc|x64.ActiveCfg = Release|x64
		{6D9DEB24-5154-4D98-9845-F77A1798E664}.Ad-Hoc|x64.Build.0 = Release|x64
		{6D9DEB24-5154-4D98-9845-F77A1798E664}.Ad-Hoc|x64.Deploy.0 = Release|x64
		{6D9DEB24-5154-4D98-9845-F77A1798E664}.Ad-Hoc|x86.ActiveCfg = Release|x86
		{6D9DEB24-5154-4D98-9845-F77A1798E664}.Ad-Hoc|x86.Build.0 = Release|x86
		{6D9DEB24-5154-4D98-9845-F77A1798E664}.Ad-Hoc|x86.Deploy.0 = Release|x86
		{6D9DEB24-5154-4D98-9845-F77A1798E664}.AppStore|Any CPU.ActiveCfg = Release|x86
		{6D9DEB24-5154-4D98-9845-F77A1798E664}.AppStore|Any CPU.Build.0 = Release|x86
		{6D9DEB24-5154-4D98-9845-F77A1798E664}.AppStore|Any CPU.Deploy.0 = Release|x86
		{6D9DEB24-5154-4D98-9845-F77A1798E664}.AppStore|ARM.ActiveCfg = Release|ARM
		{6D9DEB24-5154-4D98-9845-F77A1798E664}.AppStore|ARM.Build.0 = Release|ARM
		{6D9DEB24-5154-4D98-9845-F77A1798E664}.AppStore|ARM.Deploy.0 = Release|ARM
		{6D9DEB24-5154-4D98-9845-F77A1798E664}.AppStore|iPhone.ActiveCfg = Release|x86
		{6D9DEB24-5154-4D98-9845-F77A1798E664}.AppStore|iPhone.Build.0 = Release|x86
		{6D9DEB24-5154-4D98-9845-F77A1798E664}.AppStore|iPhone.Deploy.0 = Release|x86
		{6D9DEB24-5154-4D98-9845-F77A1798E664}.AppStore|iPhoneSimulator.ActiveCfg = Release|x86
		{6D9DEB24-5154-4D98-9845-F77A1798E664}.AppStore|iPhoneSimulator.Build.0 = Release|x86
		{6D9DEB24-5154-4D98-9845-F77A1798E664}.AppStore|iPhoneSimulator.Deploy.0 = Release|x86
		{6D9DEB24-5154-4D98-9845-F77A1798E664}.AppStore|x64.ActiveCfg = Release|x64
		{6D9DEB24-5154-4D98-9845-F77A1798E664}.AppStore|x64.Build.0 = Release|x64
		{6D9DEB24-5154-4D98-9845-F77A1798E664}.AppStore|x64.Deploy.0 = Release|x64
		{6D9DEB24-5154-4D98-9845-F77A1798E664}.AppStore|x86.ActiveCfg = Release|x86
		{6D9DEB24-5154-4D98-9845-F77A1798E664}.AppStore|x86.Build.0 = Release|x86
		{6D9DEB24-5154-4D98-9845-F77A1798E664}.AppStore|x86.Deploy.0 = Release|x86
		{6D9DEB24-5154-4D98-9845-F77A1798E664}.Debug|Any CPU.ActiveCfg = Debug|x86
		{6D9DEB24-5154-4D98-9845-F77A1798E664}.Debug|Any CPU.Build.0 = Debug|x86
		{6D9DEB24-5154-4D98-9845-F77A1798E664}.Debug|Any CPU.Deploy.0 = Debug|x86
		{6D9DEB24-5154-4D98-9845-F77A1798E664}.Debug|ARM.ActiveCfg = Debug|ARM
		{6D9DEB24-5154-4D98-9845-F77A1798E664}.Debug|ARM.Build.0 = Debug|ARM
		{6D9DEB24-5154-4D98-9845-F77A1798E664}.Debug|ARM.Deploy.0 = Debug|ARM
		{6D9DEB24-5154-4D98-9845-F77A1798E664}.Debug|iPhone.ActiveCfg = Debug|x86
		{6D9DEB24-5154-4D98-9845-F77A1798E664}.Debug|iPhone.Build.0 = Debug|x86
		{6D9DEB24-5154-4D98-9845-F77A1798E664}.Debug|iPhone.Deploy.0 = Debug|x86
		{6D9DEB24-5154-4D98-9845-F77A1798E664}.Debug|iPhoneSimulator.ActiveCfg = Debug|x86
		{6D9DEB24-5154-4D98-9845-F77A1798E664}.Debug|iPhoneSimulator.Build.0 = Debug|x86
		{6D9DEB24-5154-4D98-9845-F77A1798E664}.Debug|iPhoneSimulator.Deploy.0 = Debug|x86
		{6D9DEB24-5154-4D98-9845-F77A1798E664}.Debug|x64.ActiveCfg = Debug|x64
		{6D9DEB24-5154-4D98-9845-F77A1798E664}.Debug|x64.Build.0 = Debug|x64
		{6D9DEB24-5154-4D98-9845-F77A1798E664}.Debug|x64.Deploy.0 = Debug|x64
		{6D9DEB24-5154-4D98-9845-F77A1798E664}.Debug|x86.ActiveCfg = Debug|x86
		{6D9DEB24-5154-4D98-9845-F77A1798E664}.Debug|x86.Build.0 = Debug|x86
		{6D9DEB24-5154-4D98-9845-F77A1798E664}.Debug|x86.Deploy.0 = Debug|x86
		{6D9DEB24-5154-4D98-9845-F77A1798E664}.Release|Any CPU.ActiveCfg = Release|x86
		{6D9DEB24-5154-4D98-9845-F77A1798E664}.Release|Any CPU.Build.0 = Release|x86
		{6D9DEB24-5154-4D98-9845-F77A1798E664}.Release|Any CPU.Deploy.0 = Release|x86
		{6D9DEB24-5154-4D98-9845-F77A1798E664}.Release|ARM.ActiveCfg = Release|ARM
		{6D9DEB24-5154-4D98-9845-F77A1798E664}.Release|ARM.Build.0 = Release|ARM
		{6D9DEB24-5154-4D98-9845-F77A1798E664}.Release|ARM.Deploy.0 = Release|ARM
		{6D9DEB24-5154-4D98-9845-F77A1798E664}.Release|iPhone.ActiveCfg = Release|x86
		{6D9DEB24-5154-4D98-9845-F77A1798E664}.Release|iPhone.Build.0 = Release|x86
		{6D9DEB24-5154-4D98-9845-F77A1798E664}.Release|iPhone.Deploy.0 = Release|x86
		{6D9DEB24-5154-4D98-9845-F77A1798E664}.Release|iPhoneSimulator.ActiveCfg = Release|x86
		{6D9DEB24-5154-4D98-9845-F77A1798E664}.Release|iPhoneSimulator.Build.0 = Release|x86
		{6D9DEB24-5154-4D98-9845-F77A1798E664}.Release|iPhoneSimulator.Deploy.0 = Release|x86
		{6D9DEB24-5154-4D98-9845-F77A1798E664}.Release|x64.ActiveCfg = Release|x64
		{6D9DEB24-5154-4D98-9845-F77A1798E664}.Release|x64.Build.0 = Release|x64
		{6D9DEB24-5154-4D98-9845-F77A1798E664}.Release|x64.Deploy.0 = Release|x64
		{6D9DEB24-5154-4D98-9845-F77A1798E664}.Release|x86.ActiveCfg = Release|x86
		{6D9DEB24-5154-4D98-9845-F77A1798E664}.Release|x86.Build.0 = Release|x86
		{6D9DEB24-5154-4D98-9845-F77A1798E664}.Release|x86.Deploy.0 = Release|x86
		{F5E9F404-4AA8-45EB-B004-443F095D9108}.Ad-Hoc|Any CPU.ActiveCfg = Debug|Any CPU
		{F5E9F404-4AA8-45EB-B004-443F095D9108}.Ad-Hoc|Any CPU.Build.0 = Debug|Any CPU
		{F5E9F404-4AA8-45EB-B004-443F095D9108}.Ad-Hoc|Any CPU.Deploy.0 = Debug|Any CPU
		{F5E9F404-4AA8-45EB-B004-443F095D9108}.Ad-Hoc|ARM.ActiveCfg = Debug|Any CPU
		{F5E9F404-4AA8-45EB-B004-443F095D9108}.Ad-Hoc|ARM.Build.0 = Debug|Any CPU
		{F5E9F404-4AA8-45EB-B004-443F095D9108}.Ad-Hoc|ARM.Deploy.0 = Debug|Any CPU
		{F5E9F404-4AA8-45EB-B004-443F095D9108}.Ad-Hoc|iPhone.ActiveCfg = Debug|Any CPU
		{F5E9F404-4AA8-45EB-B004-443F095D9108}.Ad-Hoc|iPhone.Build.0 = Debug|Any CPU
		{F5E9F404-4AA8-45EB-B004-443F095D9108}.Ad-Hoc|iPhone.Deploy.0 = Debug|Any CPU
		{F5E9F404-4AA8-45EB-B004-443F095D9108}.Ad-Hoc|iPhoneSimulator.ActiveCfg = Debug|Any CPU
		{F5E9F404-4AA8-45EB-B004-443F095D9108}.Ad-Hoc|iPhoneSimulator.Build.0 = Debug|Any CPU
		{F5E9F404-4AA8-45EB-B004-443F095D9108}.Ad-Hoc|iPhoneSimulator.Deploy.0 = Debug|Any CPU
		{F5E9F404-4AA8-45EB-B004-443F095D9108}.Ad-Hoc|x64.ActiveCfg = Debug|Any CPU
		{F5E9F404-4AA8-45EB-B004-443F095D9108}.Ad-Hoc|x64.Build.0 = Debug|Any CPU
		{F5E9F404-4AA8-45EB-B004-443F095D9108}.Ad-Hoc|x64.Deploy.0 = Debug|Any CPU
		{F5E9F404-4AA8-45EB-B004-443F095D9108}.Ad-Hoc|x86.ActiveCfg = Debug|Any CPU
		{F5E9F404-4AA8-45EB-B004-443F095D9108}.Ad-Hoc|x86.Build.0 = Debug|Any CPU
		{F5E9F404-4AA8-45EB-B004-443F095D9108}.Ad-Hoc|x86.Deploy.0 = Debug|Any CPU
		{F5E9F404-4AA8-45EB-B004-443F095D9108}.AppStore|Any CPU.ActiveCfg = Debug|Any CPU
		{F5E9F404-4AA8-45EB-B004-443F095D9108}.AppStore|Any CPU.Build.0 = Debug|Any CPU
		{F5E9F404-4AA8-45EB-B004-443F095D9108}.AppStore|Any CPU.Deploy.0 = Debug|Any CPU
		{F5E9F404-4AA8-45EB-B004-443F095D9108}.AppStore|ARM.ActiveCfg = Debug|Any CPU
		{F5E9F404-4AA8-45EB-B004-443F095D9108}.AppStore|ARM.Build.0 = Debug|Any CPU
		{F5E9F404-4AA8-45EB-B004-443F095D9108}.AppStore|ARM.Deploy.0 = Debug|Any CPU
		{F5E9F404-4AA8-45EB-B004-443F095D9108}.AppStore|iPhone.ActiveCfg = Debug|Any CPU
		{F5E9F404-4AA8-45EB-B004-443F095D9108}.AppStore|iPhone.Build.0 = Debug|Any CPU
		{F5E9F404-4AA8-45EB-B004-443F095D9108}.AppStore|iPhone.Deploy.0 = Debug|Any CPU
		{F5E9F404-4AA8-45EB-B004-443F095D9108}.AppStore|iPhoneSimulator.ActiveCfg = Debug|Any CPU
		{F5E9F404-4AA8-45EB-B004-443F095D9108}.AppStore|iPhoneSimulator.Build.0 = Debug|Any CPU
		{F5E9F404-4AA8-45EB-B004-443F095D9108}.AppStore|iPhoneSimulator.Deploy.0 = Debug|Any CPU
		{F5E9F404-4AA8-45EB-B004-443F095D9108}.AppStore|x64.ActiveCfg = Debug|Any CPU
		{F5E9F404-4AA8-45EB-B004-443F095D9108}.AppStore|x64.Build.0 = Debug|Any CPU
		{F5E9F404-4AA8-45EB-B004-443F095D9108}.AppStore|x64.Deploy.0 = Debug|Any CPU
		{F5E9F404-4AA8-45EB-B004-443F095D9108}.AppStore|x86.ActiveCfg = Debug|Any CPU
		{F5E9F404-4AA8-45EB-B004-443F095D9108}.AppStore|x86.Build.0 = Debug|Any CPU
		{F5E9F404-4AA8-45EB-B004-443F095D9108}.AppStore|x86.Deploy.0 = Debug|Any CPU
		{F5E9F404-4AA8-45EB-B004-443F095D9108}.Debug|Any CPU.ActiveCfg = Debug|Any CPU
		{F5E9F404-4AA8-45EB-B004-443F095D9108}.Debug|Any CPU.Build.0 = Debug|Any CPU
		{F5E9F404-4AA8-45EB-B004-443F095D9108}.Debug|Any CPU.Deploy.0 = Debug|Any CPU
		{F5E9F404-4AA8-45EB-B004-443F095D9108}.Debug|ARM.ActiveCfg = Debug|Any CPU
		{F5E9F404-4AA8-45EB-B004-443F095D9108}.Debug|ARM.Build.0 = Debug|Any CPU
		{F5E9F404-4AA8-45EB-B004-443F095D9108}.Debug|ARM.Deploy.0 = Debug|Any CPU
		{F5E9F404-4AA8-45EB-B004-443F095D9108}.Debug|iPhone.ActiveCfg = Debug|Any CPU
		{F5E9F404-4AA8-45EB-B004-443F095D9108}.Debug|iPhone.Build.0 = Debug|Any CPU
		{F5E9F404-4AA8-45EB-B004-443F095D9108}.Debug|iPhone.Deploy.0 = Debug|Any CPU
		{F5E9F404-4AA8-45EB-B004-443F095D9108}.Debug|iPhoneSimulator.ActiveCfg = Debug|Any CPU
		{F5E9F404-4AA8-45EB-B004-443F095D9108}.Debug|iPhoneSimulator.Build.0 = Debug|Any CPU
		{F5E9F404-4AA8-45EB-B004-443F095D9108}.Debug|iPhoneSimulator.Deploy.0 = Debug|Any CPU
		{F5E9F404-4AA8-45EB-B004-443F095D9108}.Debug|x64.ActiveCfg = Debug|Any CPU
		{F5E9F404-4AA8-45EB-B004-443F095D9108}.Debug|x64.Build.0 = Debug|Any CPU
		{F5E9F404-4AA8-45EB-B004-443F095D9108}.Debug|x64.Deploy.0 = Debug|Any CPU
		{F5E9F404-4AA8-45EB-B004-443F095D9108}.Debug|x86.ActiveCfg = Debug|Any CPU
		{F5E9F404-4AA8-45EB-B004-443F095D9108}.Debug|x86.Build.0 = Debug|Any CPU
		{F5E9F404-4AA8-45EB-B004-443F095D9108}.Debug|x86.Deploy.0 = Debug|Any CPU
		{F5E9F404-4AA8-45EB-B004-443F095D9108}.Release|Any CPU.ActiveCfg = Release|Any CPU
		{F5E9F404-4AA8-45EB-B004-443F095D9108}.Release|Any CPU.Build.0 = Release|Any CPU
		{F5E9F404-4AA8-45EB-B004-443F095D9108}.Release|Any CPU.Deploy.0 = Release|Any CPU
		{F5E9F404-4AA8-45EB-B004-443F095D9108}.Release|ARM.ActiveCfg = Release|Any CPU
		{F5E9F404-4AA8-45EB-B004-443F095D9108}.Release|ARM.Build.0 = Release|Any CPU
		{F5E9F404-4AA8-45EB-B004-443F095D9108}.Release|ARM.Deploy.0 = Release|Any CPU
		{F5E9F404-4AA8-45EB-B004-443F095D9108}.Release|iPhone.ActiveCfg = Release|Any CPU
		{F5E9F404-4AA8-45EB-B004-443F095D9108}.Release|iPhone.Build.0 = Release|Any CPU
		{F5E9F404-4AA8-45EB-B004-443F095D9108}.Release|iPhone.Deploy.0 = Release|Any CPU
		{F5E9F404-4AA8-45EB-B004-443F095D9108}.Release|iPhoneSimulator.ActiveCfg = Release|Any CPU
		{F5E9F404-4AA8-45EB-B004-443F095D9108}.Release|iPhoneSimulator.Build.0 = Release|Any CPU
		{F5E9F404-4AA8-45EB-B004-443F095D9108}.Release|iPhoneSimulator.Deploy.0 = Release|Any CPU
		{F5E9F404-4AA8-45EB-B004-443F095D9108}.Release|x64.ActiveCfg = Release|Any CPU
		{F5E9F404-4AA8-45EB-B004-443F095D9108}.Release|x64.Build.0 = Release|Any CPU
		{F5E9F404-4AA8-45EB-B004-443F095D9108}.Release|x64.Deploy.0 = Release|Any CPU
		{F5E9F404-4AA8-45EB-B004-443F095D9108}.Release|x86.ActiveCfg = Release|Any CPU
		{F5E9F404-4AA8-45EB-B004-443F095D9108}.Release|x86.Build.0 = Release|Any CPU
		{F5E9F404-4AA8-45EB-B004-443F095D9108}.Release|x86.Deploy.0 = Release|Any CPU
	EndGlobalSection
	GlobalSection(SolutionProperties) = preSolution
		HideSolutionNode = FALSE
	EndGlobalSection
	GlobalSection(ExtensibilityGlobals) = postSolution
		SolutionGuid = {F8EF4FAD-D846-4C97-96E7-70DB038F74CB}
	EndGlobalSection
EndGlobal
